
Microsoft Visual Studio Solution File, Format Version 12.00
# Visual Studio Version 17
VisualStudioVersion = 17.5.002.0
MinimumVisualStudioVersion = 10.0.40219.1
Project("{9A19103F-16F7-4668-BE54-9A1E7A4F7556}") = "api", "api.csproj", "{296A9136-2BB0-4929-9F6A-DCB6F7348D8B}"
EndProject
Global
	GlobalSection(SolutionConfigurationPlatforms) = preSolution
		Debug|Any CPU = Debug|Any CPU
		Release|Any CPU = Release|Any CPU
	EndGlobalSection
	GlobalSection(ProjectConfigurationPlatforms) = postSolution
		{296A9136-2BB0-4929-9F6A-DCB6F7348D8B}.Debug|Any CPU.ActiveCfg = Debug|Any CPU
		{296A9136-2BB0-4929-9F6A-DCB6F7348D8B}.Debug|Any CPU.Build.0 = Debug|Any CPU
		{296A9136-2BB0-4929-9F6A-DCB6F7348D8B}.Release|Any CPU.ActiveCfg = Release|Any CPU
		{296A9136-2BB0-4929-9F6A-DCB6F7348D8B}.Release|Any CPU.Build.0 = Release|Any CPU
	EndGlobalSection
	GlobalSection(SolutionProperties) = preSolution
		HideSolutionNode = FALSE
	EndGlobalSection
	GlobalSection(ExtensibilityGlobals) = postSolution
		SolutionGuid = {B439EBED-8894-464C-8736-FB580F48E781}
	EndGlobalSection
EndGlobal
